
Microsoft Visual Studio Solution File, Format Version 12.00
# Visual Studio 15
VisualStudioVersion = 15.0.28307.136
MinimumVisualStudioVersion = 10.0.40219.1
Project("{FAE04EC0-301F-11D3-BF4B-00C04F79EFBC}") = "TriggerIndexParamTool", "TriggerIndexParamTool\TriggerIndexParamTool.csproj", "{E009B23D-ED41-4005-84E7-88B4BC831850}"
EndProject
Project("{2150E333-8FDC-42A3-9474-1A3956D46DE8}") = "Solution Items", "Solution Items", "{12C21D1A-AD78-450D-BBAD-30D988B13FEE}"
EndProject
Global
	GlobalSection(SolutionConfigurationPlatforms) = preSolution
		Debug|Any CPU = Debug|Any CPU
		Release|Any CPU = Release|Any CPU
	EndGlobalSection
	GlobalSection(ProjectConfigurationPlatforms) = postSolution
		{E009B23D-ED41-4005-84E7-88B4BC831850}.Debug|Any CPU.ActiveCfg = Debug|Any CPU
		{E009B23D-ED41-4005-84E7-88B4BC831850}.Debug|Any CPU.Build.0 = Debug|Any CPU
		{E009B23D-ED41-4005-84E7-88B4BC831850}.Release|Any CPU.ActiveCfg = Release|Any CPU
		{E009B23D-ED41-4005-84E7-88B4BC831850}.Release|Any CPU.Build.0 = Release|Any CPU
	EndGlobalSection
	GlobalSection(SolutionProperties) = preSolution
		HideSolutionNode = FALSE
	EndGlobalSection
	GlobalSection(ExtensibilityGlobals) = postSolution
		SolutionGuid = {7D0A502F-797C-469A-B251-3DCDB2E6575E}
	EndGlobalSection
EndGlobal
